
Microsoft Visual Studio Solution File, Format Version 12.00
# Visual Studio Version 16
VisualStudioVersion = 16.0.31025.218
MinimumVisualStudioVersion = 10.0.40219.1
Project("{FAE04EC0-301F-11D3-BF4B-00C04F79EFBC}") = "shapes-quiz-MaurederChristoph", "shapes-quiz-MaurederChristoph.csproj", "{60163A0B-8541-42F0-B43A-C6430C4E1A7A}"
EndProject
Global
	GlobalSection(SolutionConfigurationPlatforms) = preSolution
		Debug|Any CPU = Debug|Any CPU
		Release|Any CPU = Release|Any CPU
	EndGlobalSection
	GlobalSection(ProjectConfigurationPlatforms) = postSolution
		{60163A0B-8541-42F0-B43A-C6430C4E1A7A}.Debug|Any CPU.ActiveCfg = Debug|Any CPU
		{60163A0B-8541-42F0-B43A-C6430C4E1A7A}.Debug|Any CPU.Build.0 = Debug|Any CPU
		{60163A0B-8541-42F0-B43A-C6430C4E1A7A}.Release|Any CPU.ActiveCfg = Release|Any CPU
		{60163A0B-8541-42F0-B43A-C6430C4E1A7A}.Release|Any CPU.Build.0 = Release|Any CPU
	EndGlobalSection
	GlobalSection(SolutionProperties) = preSolution
		HideSolutionNode = FALSE
	EndGlobalSection
	GlobalSection(ExtensibilityGlobals) = postSolution
		SolutionGuid = {FF33A5F8-D741-4147-8855-0ABD88FB635C}
	EndGlobalSection
EndGlobal
